
Microsoft Visual Studio Solution File, Format Version 12.00
# Visual Studio 2013
VisualStudioVersion = 12.0.21005.1
MinimumVisualStudioVersion = 10.0.40219.1
Project("{FAE04EC0-301F-11D3-BF4B-00C04F79EFBC}") = "ByteClicker", "ByteClicker\ByteClicker.csproj", "{AEAFD063-E83B-451C-9173-D1F663F993D1}"
EndProject
Global
	GlobalSection(SolutionConfigurationPlatforms) = preSolution
		Debug|Any CPU = Debug|Any CPU
		Release|Any CPU = Release|Any CPU
	EndGlobalSection
	GlobalSection(ProjectConfigurationPlatforms) = postSolution
		{AEAFD063-E83B-451C-9173-D1F663F993D1}.Debug|Any CPU.ActiveCfg = Debug|Any CPU
		{AEAFD063-E83B-451C-9173-D1F663F993D1}.Debug|Any CPU.Build.0 = Debug|Any CPU
		{AEAFD063-E83B-451C-9173-D1F663F993D1}.Release|Any CPU.ActiveCfg = Release|Any CPU
		{AEAFD063-E83B-451C-9173-D1F663F993D1}.Release|Any CPU.Build.0 = Release|Any CPU
	EndGlobalSection
	GlobalSection(SolutionProperties) = preSolution
		HideSolutionNode = FALSE
	EndGlobalSection
EndGlobal
